
Microsoft Visual Studio Solution File, Format Version 12.00
# Visual Studio Version 17
VisualStudioVersion = 17.7.34024.191
MinimumVisualStudioVersion = 10.0.40219.1
Project("{FAE04EC0-301F-11D3-BF4B-00C04F79EFBC}") = "Books.API", "Books.API\Books.API.csproj", "{84A171E6-9331-464E-A123-099FD8DA84A6}"
EndProject
Project("{FAE04EC0-301F-11D3-BF4B-00C04F79EFBC}") = "Books.Models", "Books.Models\Books.Models.csproj", "{29A91A4F-F8C2-4F0F-B446-2E3CB829EB9D}"
EndProject
Project("{FAE04EC0-301F-11D3-BF4B-00C04F79EFBC}") = "Books.Database", "Books.Database\Books.Database.csproj", "{88FEA28B-62B8-42DC-B99D-03DC70F7A15B}"
EndProject
Global
	GlobalSection(SolutionConfigurationPlatforms) = preSolution
		Debug|Any CPU = Debug|Any CPU
		Release|Any CPU = Release|Any CPU
	EndGlobalSection
	GlobalSection(ProjectConfigurationPlatforms) = postSolution
		{84A171E6-9331-464E-A123-099FD8DA84A6}.Debug|Any CPU.ActiveCfg = Debug|Any CPU
		{84A171E6-9331-464E-A123-099FD8DA84A6}.Debug|Any CPU.Build.0 = Debug|Any CPU
		{84A171E6-9331-464E-A123-099FD8DA84A6}.Release|Any CPU.ActiveCfg = Release|Any CPU
		{84A171E6-9331-464E-A123-099FD8DA84A6}.Release|Any CPU.Build.0 = Release|Any CPU
		{29A91A4F-F8C2-4F0F-B446-2E3CB829EB9D}.Debug|Any CPU.ActiveCfg = Debug|Any CPU
		{29A91A4F-F8C2-4F0F-B446-2E3CB829EB9D}.Debug|Any CPU.Build.0 = Debug|Any CPU
		{29A91A4F-F8C2-4F0F-B446-2E3CB829EB9D}.Release|Any CPU.ActiveCfg = Release|Any CPU
		{29A91A4F-F8C2-4F0F-B446-2E3CB829EB9D}.Release|Any CPU.Build.0 = Release|Any CPU
		{88FEA28B-62B8-42DC-B99D-03DC70F7A15B}.Debug|Any CPU.ActiveCfg = Debug|Any CPU
		{88FEA28B-62B8-42DC-B99D-03DC70F7A15B}.Debug|Any CPU.Build.0 = Debug|Any CPU
		{88FEA28B-62B8-42DC-B99D-03DC70F7A15B}.Release|Any CPU.ActiveCfg = Release|Any CPU
		{88FEA28B-62B8-42DC-B99D-03DC70F7A15B}.Release|Any CPU.Build.0 = Release|Any CPU
	EndGlobalSection
	GlobalSection(SolutionProperties) = preSolution
		HideSolutionNode = FALSE
	EndGlobalSection
	GlobalSection(ExtensibilityGlobals) = postSolution
		SolutionGuid = {0E3DF0E7-7682-4275-98FB-489134893E14}
	EndGlobalSection
EndGlobal
